
Microsoft Visual Studio Solution File, Format Version 12.00
# Visual Studio Version 17
VisualStudioVersion = 17.5.33424.131
MinimumVisualStudioVersion = 10.0.40219.1
Project("{9A19103F-16F7-4668-BE54-9A1E7A4F7556}") = "E-Games.Web", "E-Games.Web\E-Games.Web.csproj", "{86942E70-B5FF-4F39-BF80-2020FF4DF9E2}"
EndProject
Project("{9A19103F-16F7-4668-BE54-9A1E7A4F7556}") = "E-Games.Data", "..\..\Data\E-Games.Data\E-Games.Data.csproj", "{06078914-E838-4EEC-B330-B66C7F9E7FB5}"
EndProject
Project("{9A19103F-16F7-4668-BE54-9A1E7A4F7556}") = "E-Games.Services", "..\..\Services\E-Games.Services\E-Games.Services.csproj", "{901CF3BA-383A-47C5-9F23-D36DCB0569FE}"
EndProject
Project("{9A19103F-16F7-4668-BE54-9A1E7A4F7556}") = "E-Games.Tests", "..\..\Tests\E-Games.Tests\E-Games.Tests.csproj", "{31BE7F6E-6982-4210-A849-78BB246D6E6C}"
EndProject
Project("{FAE04EC0-301F-11D3-BF4B-00C04F79EFBC}") = "E-Games.Common", "E-Games.Common\E-Games.Common.csproj", "{2BCC0E38-1D80-4947-A4A5-558D8DAC3D78}"
EndProject
Global
	GlobalSection(SolutionConfigurationPlatforms) = preSolution
		Debug|Any CPU = Debug|Any CPU
		Release|Any CPU = Release|Any CPU
	EndGlobalSection
	GlobalSection(ProjectConfigurationPlatforms) = postSolution
		{86942E70-B5FF-4F39-BF80-2020FF4DF9E2}.Debug|Any CPU.ActiveCfg = Debug|Any CPU
		{86942E70-B5FF-4F39-BF80-2020FF4DF9E2}.Debug|Any CPU.Build.0 = Debug|Any CPU
		{86942E70-B5FF-4F39-BF80-2020FF4DF9E2}.Release|Any CPU.ActiveCfg = Release|Any CPU
		{86942E70-B5FF-4F39-BF80-2020FF4DF9E2}.Release|Any CPU.Build.0 = Release|Any CPU
		{06078914-E838-4EEC-B330-B66C7F9E7FB5}.Debug|Any CPU.ActiveCfg = Debug|Any CPU
		{06078914-E838-4EEC-B330-B66C7F9E7FB5}.Debug|Any CPU.Build.0 = Debug|Any CPU
		{06078914-E838-4EEC-B330-B66C7F9E7FB5}.Release|Any CPU.ActiveCfg = Release|Any CPU
		{06078914-E838-4EEC-B330-B66C7F9E7FB5}.Release|Any CPU.Build.0 = Release|Any CPU
		{901CF3BA-383A-47C5-9F23-D36DCB0569FE}.Debug|Any CPU.ActiveCfg = Debug|Any CPU
		{901CF3BA-383A-47C5-9F23-D36DCB0569FE}.Debug|Any CPU.Build.0 = Debug|Any CPU
		{901CF3BA-383A-47C5-9F23-D36DCB0569FE}.Release|Any CPU.ActiveCfg = Release|Any CPU
		{901CF3BA-383A-47C5-9F23-D36DCB0569FE}.Release|Any CPU.Build.0 = Release|Any CPU
		{31BE7F6E-6982-4210-A849-78BB246D6E6C}.Debug|Any CPU.ActiveCfg = Debug|Any CPU
		{31BE7F6E-6982-4210-A849-78BB246D6E6C}.Debug|Any CPU.Build.0 = Debug|Any CPU
		{31BE7F6E-6982-4210-A849-78BB246D6E6C}.Release|Any CPU.ActiveCfg = Release|Any CPU
		{31BE7F6E-6982-4210-A849-78BB246D6E6C}.Release|Any CPU.Build.0 = Release|Any CPU
		{2BCC0E38-1D80-4947-A4A5-558D8DAC3D78}.Debug|Any CPU.ActiveCfg = Debug|Any CPU
		{2BCC0E38-1D80-4947-A4A5-558D8DAC3D78}.Debug|Any CPU.Build.0 = Debug|Any CPU
		{2BCC0E38-1D80-4947-A4A5-558D8DAC3D78}.Release|Any CPU.ActiveCfg = Release|Any CPU
		{2BCC0E38-1D80-4947-A4A5-558D8DAC3D78}.Release|Any CPU.Build.0 = Release|Any CPU
	EndGlobalSection
	GlobalSection(SolutionProperties) = preSolution
		HideSolutionNode = FALSE
	EndGlobalSection
	GlobalSection(ExtensibilityGlobals) = postSolution
		SolutionGuid = {C2A97BC9-4CCC-4F4A-87BA-D917AD6D8F87}
	EndGlobalSection
EndGlobal
